<Solution>
  <Folder Name="/Solution Items/">
    <File Path=".gitignore" />
    <File Path="Directory.Build.props" />
    <File Path="Directory.Build.targets" />
    <File Path="Directory.Packages.props" />
    <File Path="global.json" />
  </Folder>
  <Project Path="../bookrail_common/UnoBookRail.Common/UnoBookRail.Common.csproj" />
  <Project Path="Dashboard/Dashboard.csproj">
    <Deploy />
  </Project>
</Solution>
