
Microsoft Visual Studio Solution File, Format Version 12.00
# Visual Studio Version 17
VisualStudioVersion = 17.6.33815.320
MinimumVisualStudioVersion = 10.0.40219.1
Project("{FAE04EC0-301F-11D3-BF4B-00C04F79EFBC}") = "Ch5_Controls", "Ch5_Controls\Ch5_Controls.csproj", "{1DC8C1A3-A716-48A8-8C73-94D71C9CAB03}"
EndProject
Global
	GlobalSection(SolutionConfigurationPlatforms) = preSolution
		Debug|Any CPU = Debug|Any CPU
		Release|Any CPU = Release|Any CPU
	EndGlobalSection
	GlobalSection(ProjectConfigurationPlatforms) = postSolution
		{1DC8C1A3-A716-48A8-8C73-94D71C9CAB03}.Debug|Any CPU.ActiveCfg = Debug|Any CPU
		{1DC8C1A3-A716-48A8-8C73-94D71C9CAB03}.Debug|Any CPU.Build.0 = Debug|Any CPU
		{1DC8C1A3-A716-48A8-8C73-94D71C9CAB03}.Release|Any CPU.ActiveCfg = Release|Any CPU
		{1DC8C1A3-A716-48A8-8C73-94D71C9CAB03}.Release|Any CPU.Build.0 = Release|Any CPU
	EndGlobalSection
	GlobalSection(SolutionProperties) = preSolution
		HideSolutionNode = FALSE
	EndGlobalSection
	GlobalSection(ExtensibilityGlobals) = postSolution
		SolutionGuid = {9E5EF6F8-6C1C-44EC-B1B7-27797A99877E}
	EndGlobalSection
EndGlobal
