Microsoft Visual Studio Solution File, Format Version 12.00
# Visual Studio Version 17
VisualStudioVersion = 17.14.36121.58 d17.14
MinimumVisualStudioVersion = 10.0.40219.1
Project("{FAE04EC0-301F-11D3-BF4B-00C04F79EFBC}") = "WeatherApp", "WeatherApp\WeatherApp.csproj", "{E82080BB-DB53-4163-912B-DCFF62570087}"
EndProject
Project("{FAE04EC0-301F-11D3-BF4B-00C04F79EFBC}") = "WeatherApp.Droid", "WeatherApp.Droid\WeatherApp.Droid.csproj", "{775EF813-F538-4319-AA28-5917C399A96F}"
EndProject
Project("{FAE04EC0-301F-11D3-BF4B-00C04F79EFBC}") = "WeatherApp.iOS", "WeatherApp.iOS\WeatherApp.iOS.csproj", "{F1780C6E-5DA8-44BB-AF14-C27DCD25793F}"
EndProject
Project("{FAE04EC0-301F-11D3-BF4B-00C04F79EFBC}") = "WeatherApp.Mac", "WeatherApp.Mac\WeatherApp.Mac.csproj", "{ECAB5EBE-2CB3-42EB-9273-E86082E5EF7B}"
EndProject
Project("{FAE04EC0-301F-11D3-BF4B-00C04F79EFBC}") = "WeatherApp.WinUI", "WeatherApp.WinUI\WeatherApp.WinUI.csproj", "{F6ACEA90-8F35-40E4-8F2C-C24924B7A2A3}"
EndProject
Global
	GlobalSection(SolutionConfigurationPlatforms) = preSolution
		Debug|Any CPU = Debug|Any CPU
		Release|Any CPU = Release|Any CPU
	EndGlobalSection
	GlobalSection(ProjectConfigurationPlatforms) = postSolution
		{E82080BB-DB53-4163-912B-DCFF62570087}.Debug|Any CPU.ActiveCfg = Debug|Any CPU
		{E82080BB-DB53-4163-912B-DCFF62570087}.Debug|Any CPU.Build.0 = Debug|Any CPU
		{E82080BB-DB53-4163-912B-DCFF62570087}.Release|Any CPU.ActiveCfg = Release|Any CPU
		{E82080BB-DB53-4163-912B-DCFF62570087}.Release|Any CPU.Build.0 = Release|Any CPU
		{775EF813-F538-4319-AA28-5917C399A96F}.Debug|Any CPU.ActiveCfg = Debug|Any CPU
		{775EF813-F538-4319-AA28-5917C399A96F}.Debug|Any CPU.Build.0 = Debug|Any CPU
		{775EF813-F538-4319-AA28-5917C399A96F}.Debug|Any CPU.Deploy.0 = Debug|Any CPU
		{775EF813-F538-4319-AA28-5917C399A96F}.Release|Any CPU.ActiveCfg = Release|Any CPU
		{775EF813-F538-4319-AA28-5917C399A96F}.Release|Any CPU.Build.0 = Release|Any CPU
		{775EF813-F538-4319-AA28-5917C399A96F}.Release|Any CPU.Deploy.0 = Release|Any CPU
		{F1780C6E-5DA8-44BB-AF14-C27DCD25793F}.Debug|Any CPU.ActiveCfg = Debug|Any CPU
		{F1780C6E-5DA8-44BB-AF14-C27DCD25793F}.Debug|Any CPU.Build.0 = Debug|Any CPU
		{F1780C6E-5DA8-44BB-AF14-C27DCD25793F}.Debug|Any CPU.Deploy.0 = Debug|Any CPU
		{F1780C6E-5DA8-44BB-AF14-C27DCD25793F}.Release|Any CPU.ActiveCfg = Release|Any CPU
		{F1780C6E-5DA8-44BB-AF14-C27DCD25793F}.Release|Any CPU.Build.0 = Release|Any CPU
		{F1780C6E-5DA8-44BB-AF14-C27DCD25793F}.Release|Any CPU.Deploy.0 = Release|Any CPU
		{ECAB5EBE-2CB3-42EB-9273-E86082E5EF7B}.Debug|Any CPU.ActiveCfg = Debug|Any CPU
		{ECAB5EBE-2CB3-42EB-9273-E86082E5EF7B}.Debug|Any CPU.Build.0 = Debug|Any CPU
		{ECAB5EBE-2CB3-42EB-9273-E86082E5EF7B}.Debug|Any CPU.Deploy.0 = Debug|Any CPU
		{ECAB5EBE-2CB3-42EB-9273-E86082E5EF7B}.Release|Any CPU.ActiveCfg = Release|Any CPU
		{ECAB5EBE-2CB3-42EB-9273-E86082E5EF7B}.Release|Any CPU.Build.0 = Release|Any CPU
		{ECAB5EBE-2CB3-42EB-9273-E86082E5EF7B}.Release|Any CPU.Deploy.0 = Release|Any CPU
		{F6ACEA90-8F35-40E4-8F2C-C24924B7A2A3}.Debug|Any CPU.ActiveCfg = Debug|x64
		{F6ACEA90-8F35-40E4-8F2C-C24924B7A2A3}.Debug|Any CPU.Build.0 = Debug|x64
		{F6ACEA90-8F35-40E4-8F2C-C24924B7A2A3}.Release|Any CPU.ActiveCfg = Release|x64
		{F6ACEA90-8F35-40E4-8F2C-C24924B7A2A3}.Release|Any CPU.Build.0 = Release|x64
	EndGlobalSection
	GlobalSection(SolutionProperties) = preSolution
		HideSolutionNode = FALSE
	EndGlobalSection
	GlobalSection(ExtensibilityGlobals) = postSolution
		SolutionGuid = {BED2AA10-8036-48C6-8B6E-2B48DBE798DB}
	EndGlobalSection
EndGlobal
