
Microsoft Visual Studio Solution File, Format Version 12.00
# Visual Studio Version 17
VisualStudioVersion = 17.6.33815.320
MinimumVisualStudioVersion = 10.0.40219.1
Project("{FAE04EC0-301F-11D3-BF4B-00C04F79EFBC}") = "Ch6_MVVM", "Ch6_MVVM\Ch6_MVVM.csproj", "{F35EFD85-E240-4B16-A936-53685EB9B990}"
EndProject
Global
	GlobalSection(SolutionConfigurationPlatforms) = preSolution
		Debug|Any CPU = Debug|Any CPU
		Release|Any CPU = Release|Any CPU
	EndGlobalSection
	GlobalSection(ProjectConfigurationPlatforms) = postSolution
		{F35EFD85-E240-4B16-A936-53685EB9B990}.Debug|Any CPU.ActiveCfg = Debug|Any CPU
		{F35EFD85-E240-4B16-A936-53685EB9B990}.Debug|Any CPU.Build.0 = Debug|Any CPU
		{F35EFD85-E240-4B16-A936-53685EB9B990}.Release|Any CPU.ActiveCfg = Release|Any CPU
		{F35EFD85-E240-4B16-A936-53685EB9B990}.Release|Any CPU.Build.0 = Release|Any CPU
	EndGlobalSection
	GlobalSection(SolutionProperties) = preSolution
		HideSolutionNode = FALSE
	EndGlobalSection
	GlobalSection(ExtensibilityGlobals) = postSolution
		SolutionGuid = {91ECCE63-8D05-4803-8B35-B7B459D6C4F4}
	EndGlobalSection
EndGlobal
