Microsoft Visual Studio Solution File, Format Version 12.00
# Visual Studio Version 17
VisualStudioVersion = 17.13.35931.197 d17.13
MinimumVisualStudioVersion = 10.0.40219.1
Project("{FAE04EC0-301F-11D3-BF4B-00C04F79EFBC}") = "gallery", "gallery\gallery.csproj", "{623CB352-C7A8-4C54-B53B-F25A6B8DD1E1}"
EndProject
Project("{FAE04EC0-301F-11D3-BF4B-00C04F79EFBC}") = "gallery.Droid", "gallery.Droid\gallery.Droid.csproj", "{5D928B21-0E49-45F9-BF8B-D25B38D2CB01}"
EndProject
Project("{FAE04EC0-301F-11D3-BF4B-00C04F79EFBC}") = "gallery.iOS", "gallery.iOS\gallery.iOS.csproj", "{F3BDC504-6FDC-41D7-89D1-6A1F747B8DD5}"
EndProject
Project("{FAE04EC0-301F-11D3-BF4B-00C04F79EFBC}") = "gallery.Mac", "gallery.Mac\gallery.Mac.csproj", "{9E9DA07C-F4DD-434B-B860-38EF1B9E13E7}"
EndProject
Project("{FAE04EC0-301F-11D3-BF4B-00C04F79EFBC}") = "gallery.WinUI", "gallery.WinUI\gallery.WinUI.csproj", "{34F4943F-E9F2-45FD-991B-80753A7838D8}"
EndProject
Global
	GlobalSection(SolutionConfigurationPlatforms) = preSolution
		Debug|Any CPU = Debug|Any CPU
		Release|Any CPU = Release|Any CPU
	EndGlobalSection
	GlobalSection(ProjectConfigurationPlatforms) = postSolution
		{623CB352-C7A8-4C54-B53B-F25A6B8DD1E1}.Debug|Any CPU.ActiveCfg = Debug|Any CPU
		{623CB352-C7A8-4C54-B53B-F25A6B8DD1E1}.Debug|Any CPU.Build.0 = Debug|Any CPU
		{623CB352-C7A8-4C54-B53B-F25A6B8DD1E1}.Release|Any CPU.ActiveCfg = Release|Any CPU
		{623CB352-C7A8-4C54-B53B-F25A6B8DD1E1}.Release|Any CPU.Build.0 = Release|Any CPU
		{5D928B21-0E49-45F9-BF8B-D25B38D2CB01}.Debug|Any CPU.ActiveCfg = Debug|Any CPU
		{5D928B21-0E49-45F9-BF8B-D25B38D2CB01}.Debug|Any CPU.Build.0 = Debug|Any CPU
		{5D928B21-0E49-45F9-BF8B-D25B38D2CB01}.Debug|Any CPU.Deploy.0 = Debug|Any CPU
		{5D928B21-0E49-45F9-BF8B-D25B38D2CB01}.Release|Any CPU.ActiveCfg = Release|Any CPU
		{5D928B21-0E49-45F9-BF8B-D25B38D2CB01}.Release|Any CPU.Build.0 = Release|Any CPU
		{5D928B21-0E49-45F9-BF8B-D25B38D2CB01}.Release|Any CPU.Deploy.0 = Release|Any CPU
		{F3BDC504-6FDC-41D7-89D1-6A1F747B8DD5}.Debug|Any CPU.ActiveCfg = Debug|Any CPU
		{F3BDC504-6FDC-41D7-89D1-6A1F747B8DD5}.Debug|Any CPU.Build.0 = Debug|Any CPU
		{F3BDC504-6FDC-41D7-89D1-6A1F747B8DD5}.Debug|Any CPU.Deploy.0 = Debug|Any CPU
		{F3BDC504-6FDC-41D7-89D1-6A1F747B8DD5}.Release|Any CPU.ActiveCfg = Release|Any CPU
		{F3BDC504-6FDC-41D7-89D1-6A1F747B8DD5}.Release|Any CPU.Build.0 = Release|Any CPU
		{F3BDC504-6FDC-41D7-89D1-6A1F747B8DD5}.Release|Any CPU.Deploy.0 = Release|Any CPU
		{9E9DA07C-F4DD-434B-B860-38EF1B9E13E7}.Debug|Any CPU.ActiveCfg = Debug|Any CPU
		{9E9DA07C-F4DD-434B-B860-38EF1B9E13E7}.Debug|Any CPU.Build.0 = Debug|Any CPU
		{9E9DA07C-F4DD-434B-B860-38EF1B9E13E7}.Debug|Any CPU.Deploy.0 = Debug|Any CPU
		{9E9DA07C-F4DD-434B-B860-38EF1B9E13E7}.Release|Any CPU.ActiveCfg = Release|Any CPU
		{9E9DA07C-F4DD-434B-B860-38EF1B9E13E7}.Release|Any CPU.Build.0 = Release|Any CPU
		{9E9DA07C-F4DD-434B-B860-38EF1B9E13E7}.Release|Any CPU.Deploy.0 = Release|Any CPU
		{34F4943F-E9F2-45FD-991B-80753A7838D8}.Debug|Any CPU.ActiveCfg = Debug|x64
		{34F4943F-E9F2-45FD-991B-80753A7838D8}.Debug|Any CPU.Build.0 = Debug|x64
		{34F4943F-E9F2-45FD-991B-80753A7838D8}.Release|Any CPU.ActiveCfg = Release|x64
		{34F4943F-E9F2-45FD-991B-80753A7838D8}.Release|Any CPU.Build.0 = Release|x64
	EndGlobalSection
	GlobalSection(SolutionProperties) = preSolution
		HideSolutionNode = FALSE
	EndGlobalSection
	GlobalSection(ExtensibilityGlobals) = postSolution
		SolutionGuid = {22C39992-75E0-4FED-BFA1-1B8776737A09}
	EndGlobalSection
EndGlobal
