
Microsoft Visual Studio Solution File, Format Version 12.00
Project("{2150E333-8FDC-42A3-9474-1A3956D46DE8}") = "src", "src", "{3D92878E-143B-4766-BDCF-773CBA43F176}"
EndProject
Project("{2150E333-8FDC-42A3-9474-1A3956D46DE8}") = "common", "common", "{9A6A1F83-5A41-4732-8BBD-D0D747DE94A0}"
EndProject
Project("{FAE04EC0-301F-11D3-BF4B-00C04F79EFBC}") = "StockTake.Shared", "src\common\StockTake.Shared\StockTake.Shared.csproj", "{9C877E36-C0C6-49A6-8CFE-B39FEFF1BF87}"
EndProject
Project("{2150E333-8FDC-42A3-9474-1A3956D46DE8}") = "core", "core", "{283726C2-8F7D-41E6-B735-977E5431B7B7}"
EndProject
Project("{FAE04EC0-301F-11D3-BF4B-00C04F79EFBC}") = "StockTake.Domain", "src\core\StockTake.Domain\StockTake.Domain.csproj", "{10BC0B79-94B2-4980-BAE6-26379E92DE91}"
EndProject
Project("{FAE04EC0-301F-11D3-BF4B-00C04F79EFBC}") = "StockTake.App", "src\core\StockTake.App\StockTake.App.csproj", "{878B5FE9-782D-4630-BC99-7FA86A031434}"
EndProject
Project("{2150E333-8FDC-42A3-9474-1A3956D46DE8}") = "infrastructure", "infrastructure", "{9DFE7E0F-B31E-4380-BA45-AF7D509E2CF9}"
EndProject
Project("{FAE04EC0-301F-11D3-BF4B-00C04F79EFBC}") = "StockTake.Infrastructure", "src\infrastructure\StockTake.Infrastructure\StockTake.Infrastructure.csproj", "{380488CA-AA5B-40B9-BC84-DB5E50E516F3}"
EndProject
Project("{2150E333-8FDC-42A3-9474-1A3956D46DE8}") = "presentation", "presentation", "{178B31D0-8B48-45AE-9790-BCACBF4ED5DF}"
EndProject
Project("{FAE04EC0-301F-11D3-BF4B-00C04F79EFBC}") = "StockTake.Client", "src\presentation\StockTake.Client\StockTake.Client.csproj", "{0C399BFC-9DCB-46AC-93F5-537AC87CF39C}"
EndProject
Project("{FAE04EC0-301F-11D3-BF4B-00C04F79EFBC}") = "StockTake.WebServices", "src\presentation\StockTake.WebServices\StockTake.WebServices.csproj", "{2864CCFE-646F-4022-99A3-71D865E69167}"
EndProject
Project("{FAE04EC0-301F-11D3-BF4B-00C04F79EFBC}") = "StockTake.Mobile.UI", "src\presentation\StockTake.Mobile.UI\StockTake.Mobile.UI.csproj", "{6C741A9E-1BC2-4382-A7CD-0E68D187621E}"
EndProject
Project("{2150E333-8FDC-42A3-9474-1A3956D46DE8}") = "tests", "tests", "{8AD5857E-35F2-49B3-85C6-C4FE96592473}"
EndProject
Project("{FAE04EC0-301F-11D3-BF4B-00C04F79EFBC}") = "StockTake.Domain.UnitTests", "tests\StockTake.Domain.UnitTests\StockTake.Domain.UnitTests.csproj", "{9F6EC9B1-0DCC-47B1-8CEB-150BA93DB5AD}"
EndProject
Project("{FAE04EC0-301F-11D3-BF4B-00C04F79EFBC}") = "StockTake.App.UnitTests", "tests\StockTake.App.UnitTests\StockTake.App.UnitTests.csproj", "{35952E87-06B4-4E0B-90D3-447732B5BA7F}"
EndProject
Project("{FAE04EC0-301F-11D3-BF4B-00C04F79EFBC}") = "StockTake.App.IntegrationTests", "tests\StockTake.App.IntegrationTests\StockTake.App.IntegrationTests.csproj", "{3A325C04-88F0-468A-A3B6-E9548A42E3AE}"
EndProject
Global
	GlobalSection(SolutionConfigurationPlatforms) = preSolution
		Debug|Any CPU = Debug|Any CPU
		Release|Any CPU = Release|Any CPU
	EndGlobalSection
	GlobalSection(NestedProjects) = preSolution
		{9A6A1F83-5A41-4732-8BBD-D0D747DE94A0} = {3D92878E-143B-4766-BDCF-773CBA43F176}
		{9C877E36-C0C6-49A6-8CFE-B39FEFF1BF87} = {9A6A1F83-5A41-4732-8BBD-D0D747DE94A0}
		{283726C2-8F7D-41E6-B735-977E5431B7B7} = {3D92878E-143B-4766-BDCF-773CBA43F176}
		{10BC0B79-94B2-4980-BAE6-26379E92DE91} = {283726C2-8F7D-41E6-B735-977E5431B7B7}
		{878B5FE9-782D-4630-BC99-7FA86A031434} = {283726C2-8F7D-41E6-B735-977E5431B7B7}
		{9DFE7E0F-B31E-4380-BA45-AF7D509E2CF9} = {3D92878E-143B-4766-BDCF-773CBA43F176}
		{380488CA-AA5B-40B9-BC84-DB5E50E516F3} = {9DFE7E0F-B31E-4380-BA45-AF7D509E2CF9}
		{178B31D0-8B48-45AE-9790-BCACBF4ED5DF} = {3D92878E-143B-4766-BDCF-773CBA43F176}
		{0C399BFC-9DCB-46AC-93F5-537AC87CF39C} = {178B31D0-8B48-45AE-9790-BCACBF4ED5DF}
		{2864CCFE-646F-4022-99A3-71D865E69167} = {178B31D0-8B48-45AE-9790-BCACBF4ED5DF}
		{6C741A9E-1BC2-4382-A7CD-0E68D187621E} = {178B31D0-8B48-45AE-9790-BCACBF4ED5DF}
		{9F6EC9B1-0DCC-47B1-8CEB-150BA93DB5AD} = {8AD5857E-35F2-49B3-85C6-C4FE96592473}
		{35952E87-06B4-4E0B-90D3-447732B5BA7F} = {8AD5857E-35F2-49B3-85C6-C4FE96592473}
		{3A325C04-88F0-468A-A3B6-E9548A42E3AE} = {8AD5857E-35F2-49B3-85C6-C4FE96592473}
	EndGlobalSection
	GlobalSection(ProjectConfigurationPlatforms) = postSolution
		{9C877E36-C0C6-49A6-8CFE-B39FEFF1BF87}.Debug|Any CPU.ActiveCfg = Debug|Any CPU
		{9C877E36-C0C6-49A6-8CFE-B39FEFF1BF87}.Debug|Any CPU.Build.0 = Debug|Any CPU
		{9C877E36-C0C6-49A6-8CFE-B39FEFF1BF87}.Release|Any CPU.ActiveCfg = Release|Any CPU
		{9C877E36-C0C6-49A6-8CFE-B39FEFF1BF87}.Release|Any CPU.Build.0 = Release|Any CPU
		{10BC0B79-94B2-4980-BAE6-26379E92DE91}.Debug|Any CPU.ActiveCfg = Debug|Any CPU
		{10BC0B79-94B2-4980-BAE6-26379E92DE91}.Debug|Any CPU.Build.0 = Debug|Any CPU
		{10BC0B79-94B2-4980-BAE6-26379E92DE91}.Release|Any CPU.ActiveCfg = Release|Any CPU
		{10BC0B79-94B2-4980-BAE6-26379E92DE91}.Release|Any CPU.Build.0 = Release|Any CPU
		{878B5FE9-782D-4630-BC99-7FA86A031434}.Debug|Any CPU.ActiveCfg = Debug|Any CPU
		{878B5FE9-782D-4630-BC99-7FA86A031434}.Debug|Any CPU.Build.0 = Debug|Any CPU
		{878B5FE9-782D-4630-BC99-7FA86A031434}.Release|Any CPU.ActiveCfg = Release|Any CPU
		{878B5FE9-782D-4630-BC99-7FA86A031434}.Release|Any CPU.Build.0 = Release|Any CPU
		{380488CA-AA5B-40B9-BC84-DB5E50E516F3}.Debug|Any CPU.ActiveCfg = Debug|Any CPU
		{380488CA-AA5B-40B9-BC84-DB5E50E516F3}.Debug|Any CPU.Build.0 = Debug|Any CPU
		{380488CA-AA5B-40B9-BC84-DB5E50E516F3}.Release|Any CPU.ActiveCfg = Release|Any CPU
		{380488CA-AA5B-40B9-BC84-DB5E50E516F3}.Release|Any CPU.Build.0 = Release|Any CPU
		{0C399BFC-9DCB-46AC-93F5-537AC87CF39C}.Debug|Any CPU.ActiveCfg = Debug|Any CPU
		{0C399BFC-9DCB-46AC-93F5-537AC87CF39C}.Debug|Any CPU.Build.0 = Debug|Any CPU
		{0C399BFC-9DCB-46AC-93F5-537AC87CF39C}.Release|Any CPU.ActiveCfg = Release|Any CPU
		{0C399BFC-9DCB-46AC-93F5-537AC87CF39C}.Release|Any CPU.Build.0 = Release|Any CPU
		{2864CCFE-646F-4022-99A3-71D865E69167}.Debug|Any CPU.ActiveCfg = Debug|Any CPU
		{2864CCFE-646F-4022-99A3-71D865E69167}.Debug|Any CPU.Build.0 = Debug|Any CPU
		{2864CCFE-646F-4022-99A3-71D865E69167}.Release|Any CPU.ActiveCfg = Release|Any CPU
		{2864CCFE-646F-4022-99A3-71D865E69167}.Release|Any CPU.Build.0 = Release|Any CPU
		{6C741A9E-1BC2-4382-A7CD-0E68D187621E}.Debug|Any CPU.ActiveCfg = Debug|Any CPU
		{6C741A9E-1BC2-4382-A7CD-0E68D187621E}.Debug|Any CPU.Build.0 = Debug|Any CPU
		{6C741A9E-1BC2-4382-A7CD-0E68D187621E}.Release|Any CPU.ActiveCfg = Release|Any CPU
		{6C741A9E-1BC2-4382-A7CD-0E68D187621E}.Release|Any CPU.Build.0 = Release|Any CPU
		{9F6EC9B1-0DCC-47B1-8CEB-150BA93DB5AD}.Debug|Any CPU.ActiveCfg = Debug|Any CPU
		{9F6EC9B1-0DCC-47B1-8CEB-150BA93DB5AD}.Debug|Any CPU.Build.0 = Debug|Any CPU
		{9F6EC9B1-0DCC-47B1-8CEB-150BA93DB5AD}.Release|Any CPU.ActiveCfg = Release|Any CPU
		{9F6EC9B1-0DCC-47B1-8CEB-150BA93DB5AD}.Release|Any CPU.Build.0 = Release|Any CPU
		{35952E87-06B4-4E0B-90D3-447732B5BA7F}.Debug|Any CPU.ActiveCfg = Debug|Any CPU
		{35952E87-06B4-4E0B-90D3-447732B5BA7F}.Debug|Any CPU.Build.0 = Debug|Any CPU
		{35952E87-06B4-4E0B-90D3-447732B5BA7F}.Release|Any CPU.ActiveCfg = Release|Any CPU
		{35952E87-06B4-4E0B-90D3-447732B5BA7F}.Release|Any CPU.Build.0 = Release|Any CPU
		{3A325C04-88F0-468A-A3B6-E9548A42E3AE}.Debug|Any CPU.ActiveCfg = Debug|Any CPU
		{3A325C04-88F0-468A-A3B6-E9548A42E3AE}.Debug|Any CPU.Build.0 = Debug|Any CPU
		{3A325C04-88F0-468A-A3B6-E9548A42E3AE}.Release|Any CPU.ActiveCfg = Release|Any CPU
		{3A325C04-88F0-468A-A3B6-E9548A42E3AE}.Release|Any CPU.Build.0 = Release|Any CPU
	EndGlobalSection
EndGlobal
